// !$*UTF8*$!
{
	archiveVersion = 1;
	classes = {
	};
	objectVersion = 46;
	objects = {

/* Begin PBXBuildFile section */
		BBAB23CB13894F3D00AA2426 /* GLUT.framework in CopyFiles */ = {isa = PBXBuildFile; fileRef = BBAB23BE13894E4700AA2426 /* GLUT.framework */; };
		CB302F8F1C5E064F0032AFBF /* ofxBaseGui.cpp in Sources */ = {isa = PBXBuildFile; fileRef = CB302F7E1C5E064F0032AFBF /* ofxBaseGui.cpp */; };
		CB302F901C5E064F0032AFBF /* ofxButton.cpp in Sources */ = {isa = PBXBuildFile; fileRef = CB302F801C5E064F0032AFBF /* ofxButton.cpp */; };
		CB302F911C5E064F0032AFBF /* ofxGuiGroup.cpp in Sources */ = {isa = PBXBuildFile; fileRef = CB302F831C5E064F0032AFBF /* ofxGuiGroup.cpp */; };
		CB302F921C5E064F0032AFBF /* ofxLabel.cpp in Sources */ = {isa = PBXBuildFile; fileRef = CB302F851C5E064F0032AFBF /* ofxLabel.cpp */; };
		CB302F931C5E064F0032AFBF /* ofxPanel.cpp in Sources */ = {isa = PBXBuildFile; fileRef = CB302F871C5E064F0032AFBF /* ofxPanel.cpp */; };
		CB302F941C5E064F0032AFBF /* ofxSlider.cpp in Sources */ = {isa = PBXBuildFile; fileRef = CB302F891C5E064F0032AFBF /* ofxSlider.cpp */; };
		CB302F951C5E064F0032AFBF /* ofxSliderGroup.cpp in Sources */ = {isa = PBXBuildFile; fileRef = CB302F8B1C5E064F0032AFBF /* ofxSliderGroup.cpp */; };
		CB302F961C5E064F0032AFBF /* ofxToggle.cpp in Sources */ = {isa = PBXBuildFile; fileRef = CB302F8D1C5E064F0032AFBF /* ofxToggle.cpp */; };
		CB7ED3841B148F8500E8A806 /* libiconv.dylib in Frameworks */ = {isa = PBXBuildFile; fileRef = CB7ED3831B148F8500E8A806 /* libiconv.dylib */; };
		CB8D45CB1C26F1970068E4F9 /* FboPingPong.cpp in Sources */ = {isa = PBXBuildFile; fileRef = CB8D45BF1C26F1970068E4F9 /* FboPingPong.cpp */; };
		CB8D45CC1C26F1970068E4F9 /* ofEasyCamExt.cpp in Sources */ = {isa = PBXBuildFile; fileRef = CB8D45C21C26F1970068E4F9 /* ofEasyCamExt.cpp */; };
		CB8D45D31C26F1AE0068E4F9 /* EasingEquations.cpp in Sources */ = {isa = PBXBuildFile; fileRef = CB8D45D01C26F1AE0068E4F9 /* EasingEquations.cpp */; };
		CB8D45E41C26F1CC0068E4F9 /* Base.cpp in Sources */ = {isa = PBXBuildFile; fileRef = CB8D45D81C26F1CC0068E4F9 /* Base.cpp */; };
		CB8D45E51C26F1CC0068E4F9 /* Camera.cpp in Sources */ = {isa = PBXBuildFile; fileRef = CB8D45DA1C26F1CC0068E4F9 /* Camera.cpp */; };
		CB8D45E61C26F1CC0068E4F9 /* Plane_fitToPoints.cpp in Sources */ = {isa = PBXBuildFile; fileRef = CB8D45DD1C26F1CC0068E4F9 /* Plane_fitToPoints.cpp */; };
		CB8D45E71C26F1CC0068E4F9 /* Plane.cpp in Sources */ = {isa = PBXBuildFile; fileRef = CB8D45DE1C26F1CC0068E4F9 /* Plane.cpp */; };
		CB8D45E81C26F1CC0068E4F9 /* Projector.cpp in Sources */ = {isa = PBXBuildFile; fileRef = CB8D45E01C26F1CC0068E4F9 /* Projector.cpp */; };
		CB8D45E91C26F1CC0068E4F9 /* Ray.cpp in Sources */ = {isa = PBXBuildFile; fileRef = CB8D45E21C26F1CC0068E4F9 /* Ray.cpp */; };
		CBC931AD1C26C793005DD6F7 /* GetPosition.cxx in Sources */ = {isa = PBXBuildFile; fileRef = CBC931951C26C793005DD6F7 /* GetPosition.cxx */; };
		CBC931AE1C26C793005DD6F7 /* ofxFBXAnimation.cpp in Sources */ = {isa = PBXBuildFile; fileRef = CBC931981C26C793005DD6F7 /* ofxFBXAnimation.cpp */; };
		CBC931AF1C26C793005DD6F7 /* ofxFBXBone.cpp in Sources */ = {isa = PBXBuildFile; fileRef = CBC9319A1C26C793005DD6F7 /* ofxFBXBone.cpp */; };
		CBC931B01C26C793005DD6F7 /* ofxFBXCluster.cpp in Sources */ = {isa = PBXBuildFile; fileRef = CBC9319C1C26C793005DD6F7 /* ofxFBXCluster.cpp */; };
		CBC931B11C26C793005DD6F7 /* ofxFBXManager.cpp in Sources */ = {isa = PBXBuildFile; fileRef = CBC9319E1C26C793005DD6F7 /* ofxFBXManager.cpp */; };
		CBC931B21C26C793005DD6F7 /* ofxFBXMesh.cpp in Sources */ = {isa = PBXBuildFile; fileRef = CBC931A01C26C793005DD6F7 /* ofxFBXMesh.cpp */; };
		CBC931B31C26C793005DD6F7 /* ofxFBXMeshMaterial.cpp in Sources */ = {isa = PBXBuildFile; fileRef = CBC931A21C26C793005DD6F7 /* ofxFBXMeshMaterial.cpp */; };
		CBC931B41C26C793005DD6F7 /* ofxFBXNode.cpp in Sources */ = {isa = PBXBuildFile; fileRef = CBC931A41C26C793005DD6F7 /* ofxFBXNode.cpp */; };
		CBC931B51C26C793005DD6F7 /* ofxFBXPose.cpp in Sources */ = {isa = PBXBuildFile; fileRef = CBC931A61C26C793005DD6F7 /* ofxFBXPose.cpp */; };
		CBC931B61C26C793005DD6F7 /* ofxFBXScene.cpp in Sources */ = {isa = PBXBuildFile; fileRef = CBC931A81C26C793005DD6F7 /* ofxFBXScene.cpp */; };
		CBC931B71C26C793005DD6F7 /* ofxFBXSkeleton.cpp in Sources */ = {isa = PBXBuildFile; fileRef = CBC931AA1C26C793005DD6F7 /* ofxFBXSkeleton.cpp */; };
		CBEE3A171B139F1D0099A126 /* ofApp.cpp in Sources */ = {isa = PBXBuildFile; fileRef = CBEE3A151B139F1D0099A126 /* ofApp.cpp */; };
		E4328149138ABC9F0047C5CB /* openFrameworksDebug.a in Frameworks */ = {isa = PBXBuildFile; fileRef = E4328148138ABC890047C5CB /* openFrameworksDebug.a */; };
		E45BE97B0E8CC7DD009D7055 /* AGL.framework in Frameworks */ = {isa = PBXBuildFile; fileRef = E45BE9710E8CC7DD009D7055 /* AGL.framework */; };
		E45BE97C0E8CC7DD009D7055 /* ApplicationServices.framework in Frameworks */ = {isa = PBXBuildFile; fileRef = E45BE9720E8CC7DD009D7055 /* ApplicationServices.framework */; };
		E45BE97D0E8CC7DD009D7055 /* AudioToolbox.framework in Frameworks */ = {isa = PBXBuildFile; fileRef = E45BE9730E8CC7DD009D7055 /* AudioToolbox.framework */; };
		E45BE97E0E8CC7DD009D7055 /* Carbon.framework in Frameworks */ = {isa = PBXBuildFile; fileRef = E45BE9740E8CC7DD009D7055 /* Carbon.framework */; };
		E45BE97F0E8CC7DD009D7055 /* CoreAudio.framework in Frameworks */ = {isa = PBXBuildFile; fileRef = E45BE9750E8CC7DD009D7055 /* CoreAudio.framework */; };
		E45BE9800E8CC7DD009D7055 /* CoreFoundation.framework in Frameworks */ = {isa = PBXBuildFile; fileRef = E45BE9760E8CC7DD009D7055 /* CoreFoundation.framework */; };
		E45BE9810E8CC7DD009D7055 /* CoreServices.framework in Frameworks */ = {isa = PBXBuildFile; fileRef = E45BE9770E8CC7DD009D7055 /* CoreServices.framework */; };
		E45BE9830E8CC7DD009D7055 /* OpenGL.framework in Frameworks */ = {isa = PBXBuildFile; fileRef = E45BE9790E8CC7DD009D7055 /* OpenGL.framework */; };
		E45BE9840E8CC7DD009D7055 /* QuickTime.framework in Frameworks */ = {isa = PBXBuildFile; fileRef = E45BE97A0E8CC7DD009D7055 /* QuickTime.framework */; };
		E4B69E200A3A1BDC003C02F2 /* main.cpp in Sources */ = {isa = PBXBuildFile; fileRef = E4B69E1D0A3A1BDC003C02F2 /* main.cpp */; };
		E4C2424710CC5A17004149E2 /* AppKit.framework in Frameworks */ = {isa = PBXBuildFile; fileRef = E4C2424410CC5A17004149E2 /* AppKit.framework */; };
		E4C2424810CC5A17004149E2 /* Cocoa.framework in Frameworks */ = {isa = PBXBuildFile; fileRef = E4C2424510CC5A17004149E2 /* Cocoa.framework */; };
		E4C2424910CC5A17004149E2 /* IOKit.framework in Frameworks */ = {isa = PBXBuildFile; fileRef = E4C2424610CC5A17004149E2 /* IOKit.framework */; };
		E4EB6799138ADC1D00A09F29 /* GLUT.framework in Frameworks */ = {isa = PBXBuildFile; fileRef = BBAB23BE13894E4700AA2426 /* GLUT.framework */; };
		E7E077E515D3B63C0020DFD4 /* CoreVideo.framework in Frameworks */ = {isa = PBXBuildFile; fileRef = E7E077E415D3B63C0020DFD4 /* CoreVideo.framework */; };
		E7E077E815D3B6510020DFD4 /* QTKit.framework in Frameworks */ = {isa = PBXBuildFile; fileRef = E7E077E715D3B6510020DFD4 /* QTKit.framework */; };
		E7F985F815E0DEA3003869B5 /* Accelerate.framework in Frameworks */ = {isa = PBXBuildFile; fileRef = E7F985F515E0DE99003869B5 /* Accelerate.framework */; };
/* End PBXBuildFile section */

/* Begin PBXContainerItemProxy section */
		E4328147138ABC890047C5CB /* PBXContainerItemProxy */ = {
			isa = PBXContainerItemProxy;
			containerPortal = E4328143138ABC890047C5CB /* openFrameworksLib.xcodeproj */;
			proxyType = 2;
			remoteGlobalIDString = E4B27C1510CBEB8E00536013;
			remoteInfo = openFrameworks;
		};
		E4EEB9AB138B136A00A80321 /* PBXContainerItemProxy */ = {
			isa = PBXContainerItemProxy;
			containerPortal = E4328143138ABC890047C5CB /* openFrameworksLib.xcodeproj */;
			proxyType = 1;
			remoteGlobalIDString = E4B27C1410CBEB8E00536013;
			remoteInfo = openFrameworks;
		};
/* End PBXContainerItemProxy section */

/* Begin PBXCopyFilesBuildPhase section */
		E4C2427710CC5ABF004149E2 /* CopyFiles */ = {
			isa = PBXCopyFilesBuildPhase;
			buildActionMask = 2147483647;
			dstPath = "";
			dstSubfolderSpec = 10;
			files = (
				BBAB23CB13894F3D00AA2426 /* GLUT.framework in CopyFiles */,
			);
			runOnlyForDeploymentPostprocessing = 0;
		};
/* End PBXCopyFilesBuildPhase section */

/* Begin PBXFileReference section */
		BBAB23BE13894E4700AA2426 /* GLUT.framework */ = {isa = PBXFileReference; lastKnownFileType = wrapper.framework; name = GLUT.framework; path = ../../../libs/glut/lib/osx/GLUT.framework; sourceTree = "<group>"; };
		CB302F7E1C5E064F0032AFBF /* ofxBaseGui.cpp */ = {isa = PBXFileReference; fileEncoding = 4; lastKnownFileType = sourcecode.cpp.cpp; name = ofxBaseGui.cpp; path = ../../../addons/ofxGui/src/ofxBaseGui.cpp; sourceTree = "<group>"; };
		CB302F7F1C5E064F0032AFBF /* ofxBaseGui.h */ = {isa = PBXFileReference; fileEncoding = 4; lastKnownFileType = sourcecode.c.h; name = ofxBaseGui.h; path = ../../../addons/ofxGui/src/ofxBaseGui.h; sourceTree = "<group>"; };
		CB302F801C5E064F0032AFBF /* ofxButton.cpp */ = {isa = PBXFileReference; fileEncoding = 4; lastKnownFileType = sourcecode.cpp.cpp; name = ofxButton.cpp; path = ../../../addons/ofxGui/src/ofxButton.cpp; sourceTree = "<group>"; };
		CB302F811C5E064F0032AFBF /* ofxButton.h */ = {isa = PBXFileReference; fileEncoding = 4; lastKnownFileType = sourcecode.c.h; name = ofxButton.h; path = ../../../addons/ofxGui/src/ofxButton.h; sourceTree = "<group>"; };
		CB302F821C5E064F0032AFBF /* ofxGui.h */ = {isa = PBXFileReference; fileEncoding = 4; lastKnownFileType = sourcecode.c.h; name = ofxGui.h; path = ../../../addons/ofxGui/src/ofxGui.h; sourceTree = "<group>"; };
		CB302F831C5E064F0032AFBF /* ofxGuiGroup.cpp */ = {isa = PBXFileReference; fileEncoding = 4; lastKnownFileType = sourcecode.cpp.cpp; name = ofxGuiGroup.cpp; path = ../../../addons/ofxGui/src/ofxGuiGroup.cpp; sourceTree = "<group>"; };
		CB302F841C5E064F0032AFBF /* ofxGuiGroup.h */ = {isa = PBXFileReference; fileEncoding = 4; lastKnownFileType = sourcecode.c.h; name = ofxGuiGroup.h; path = ../../../addons/ofxGui/src/ofxGuiGroup.h; sourceTree = "<group>"; };
		CB302F851C5E064F0032AFBF /* ofxLabel.cpp */ = {isa = PBXFileReference; fileEncoding = 4; lastKnownFileType = sourcecode.cpp.cpp; name = ofxLabel.cpp; path = ../../../addons/ofxGui/src/ofxLabel.cpp; sourceTree = "<group>"; };
		CB302F861C5E064F0032AFBF /* ofxLabel.h */ = {isa = PBXFileReference; fileEncoding = 4; lastKnownFileType = sourcecode.c.h; name = ofxLabel.h; path = ../../../addons/ofxGui/src/ofxLabel.h; sourceTree = "<group>"; };
		CB302F871C5E064F0032AFBF /* ofxPanel.cpp */ = {isa = PBXFileReference; fileEncoding = 4; lastKnownFileType = sourcecode.cpp.cpp; name = ofxPanel.cpp; path = ../../../addons/ofxGui/src/ofxPanel.cpp; sourceTree = "<group>"; };
		CB302F881C5E064F0032AFBF /* ofxPanel.h */ = {isa = PBXFileReference; fileEncoding = 4; lastKnownFileType = sourcecode.c.h; name = ofxPanel.h; path = ../../../addons/ofxGui/src/ofxPanel.h; sourceTree = "<group>"; };
		CB302F891C5E064F0032AFBF /* ofxSlider.cpp */ = {isa = PBXFileReference; fileEncoding = 4; lastKnownFileType = sourcecode.cpp.cpp; name = ofxSlider.cpp; path = ../../../addons/ofxGui/src/ofxSlider.cpp; sourceTree = "<group>"; };
		CB302F8A1C5E064F0032AFBF /* ofxSlider.h */ = {isa = PBXFileReference; fileEncoding = 4; lastKnownFileType = sourcecode.c.h; name = ofxSlider.h; path = ../../../addons/ofxGui/src/ofxSlider.h; sourceTree = "<group>"; };
		CB302F8B1C5E064F0032AFBF /* ofxSliderGroup.cpp */ = {isa = PBXFileReference; fileEncoding = 4; lastKnownFileType = sourcecode.cpp.cpp; name = ofxSliderGroup.cpp; path = ../../../addons/ofxGui/src/ofxSliderGroup.cpp; sourceTree = "<group>"; };
		CB302F8C1C5E064F0032AFBF /* ofxSliderGroup.h */ = {isa = PBXFileReference; fileEncoding = 4; lastKnownFileType = sourcecode.c.h; name = ofxSliderGroup.h; path = ../../../addons/ofxGui/src/ofxSliderGroup.h; sourceTree = "<group>"; };
		CB302F8D1C5E064F0032AFBF /* ofxToggle.cpp */ = {isa = PBXFileReference; fileEncoding = 4; lastKnownFileType = sourcecode.cpp.cpp; name = ofxToggle.cpp; path = ../../../addons/ofxGui/src/ofxToggle.cpp; sourceTree = "<group>"; };
		CB302F8E1C5E064F0032AFBF /* ofxToggle.h */ = {isa = PBXFileReference; fileEncoding = 4; lastKnownFileType = sourcecode.c.h; name = ofxToggle.h; path = ../../../addons/ofxGui/src/ofxToggle.h; sourceTree = "<group>"; };
		CB7ED3831B148F8500E8A806 /* libiconv.dylib */ = {isa = PBXFileReference; lastKnownFileType = "compiled.mach-o.dylib"; name = libiconv.dylib; path = usr/lib/libiconv.dylib; sourceTree = SDKROOT; };
		CB8D45BE1C26F1970068E4F9 /* DrawingHelpers.h */ = {isa = PBXFileReference; fileEncoding = 4; lastKnownFileType = sourcecode.c.h; name = DrawingHelpers.h; path = Utils/DrawingHelpers.h; sourceTree = "<group>"; };
		CB8D45BF1C26F1970068E4F9 /* FboPingPong.cpp */ = {isa = PBXFileReference; fileEncoding = 4; lastKnownFileType = sourcecode.cpp.cpp; name = FboPingPong.cpp; path = Utils/FboPingPong.cpp; sourceTree = "<group>"; };
		CB8D45C01C26F1970068E4F9 /* FboPingPong.h */ = {isa = PBXFileReference; fileEncoding = 4; lastKnownFileType = sourcecode.c.h; name = FboPingPong.h; path = Utils/FboPingPong.h; sourceTree = "<group>"; };
		CB8D45C11C26F1970068E4F9 /* FileUtils.h */ = {isa = PBXFileReference; fileEncoding = 4; lastKnownFileType = sourcecode.c.h; name = FileUtils.h; path = Utils/FileUtils.h; sourceTree = "<group>"; };
		CB8D45C21C26F1970068E4F9 /* ofEasyCamExt.cpp */ = {isa = PBXFileReference; fileEncoding = 4; lastKnownFileType = sourcecode.cpp.cpp; name = ofEasyCamExt.cpp; path = Utils/ofEasyCamExt.cpp; sourceTree = "<group>"; };
		CB8D45C31C26F1970068E4F9 /* ofEasyCamExt.h */ = {isa = PBXFileReference; fileEncoding = 4; lastKnownFileType = sourcecode.c.h; name = ofEasyCamExt.h; path = Utils/ofEasyCamExt.h; sourceTree = "<group>"; };
		CB8D45C41C26F1970068E4F9 /* ofTrueTypeFontExt.h */ = {isa = PBXFileReference; fileEncoding = 4; lastKnownFileType = sourcecode.c.h; name = ofTrueTypeFontExt.h; path = Utils/ofTrueTypeFontExt.h; sourceTree = "<group>"; };
		CB8D45C71C26F1970068E4F9 /* PlacementUtils.h */ = {isa = PBXFileReference; fileEncoding = 4; lastKnownFileType = sourcecode.c.h; name = PlacementUtils.h; path = Utils/PlacementUtils.h; sourceTree = "<group>"; };
		CB8D45C81C26F1970068E4F9 /* SizeLimitedDeque.h */ = {isa = PBXFileReference; fileEncoding = 4; lastKnownFileType = sourcecode.c.h; name = SizeLimitedDeque.h; path = Utils/SizeLimitedDeque.h; sourceTree = "<group>"; };
		CB8D45D01C26F1AE0068E4F9 /* EasingEquations.cpp */ = {isa = PBXFileReference; fileEncoding = 4; lastKnownFileType = sourcecode.cpp.cpp; name = EasingEquations.cpp; path = Utils/ofxInterpolator/EasingEquations.cpp; sourceTree = "<group>"; };
		CB8D45D11C26F1AE0068E4F9 /* EasingEquations.h */ = {isa = PBXFileReference; fileEncoding = 4; lastKnownFileType = sourcecode.c.h; name = EasingEquations.h; path = Utils/ofxInterpolator/EasingEquations.h; sourceTree = "<group>"; };
		CB8D45D21C26F1AE0068E4F9 /* ofxInterpolator.h */ = {isa = PBXFileReference; fileEncoding = 4; lastKnownFileType = sourcecode.c.h; name = ofxInterpolator.h; path = Utils/ofxInterpolator/ofxInterpolator.h; sourceTree = "<group>"; };
		CB8D45D41C26F1B70068E4F9 /* MathUtils.h */ = {isa = PBXFileReference; fileEncoding = 4; lastKnownFileType = sourcecode.c.h; name = MathUtils.h; path = Math/MathUtils.h; sourceTree = "<group>"; };
		CB8D45D51C26F1B70068E4F9 /* ofVecExt.h */ = {isa = PBXFileReference; fileEncoding = 4; lastKnownFileType = sourcecode.c.h; name = ofVecExt.h; path = Math/ofVecExt.h; sourceTree = "<group>"; };
		CB8D45D81C26F1CC0068E4F9 /* Base.cpp */ = {isa = PBXFileReference; fileEncoding = 4; lastKnownFileType = sourcecode.cpp.cpp; name = Base.cpp; path = Math/ofxRay/src/Base.cpp; sourceTree = "<group>"; };
		CB8D45D91C26F1CC0068E4F9 /* Base.h */ = {isa = PBXFileReference; fileEncoding = 4; lastKnownFileType = sourcecode.c.h; name = Base.h; path = Math/ofxRay/src/Base.h; sourceTree = "<group>"; };
		CB8D45DA1C26F1CC0068E4F9 /* Camera.cpp */ = {isa = PBXFileReference; fileEncoding = 4; lastKnownFileType = sourcecode.cpp.cpp; name = Camera.cpp; path = Math/ofxRay/src/Camera.cpp; sourceTree = "<group>"; };
		CB8D45DB1C26F1CC0068E4F9 /* Camera.h */ = {isa = PBXFileReference; fileEncoding = 4; lastKnownFileType = sourcecode.c.h; name = Camera.h; path = Math/ofxRay/src/Camera.h; sourceTree = "<group>"; };
		CB8D45DC1C26F1CC0068E4F9 /* ofxRay.h */ = {isa = PBXFileReference; fileEncoding = 4; lastKnownFileType = sourcecode.c.h; name = ofxRay.h; path = Math/ofxRay/src/ofxRay.h; sourceTree = "<group>"; };
		CB8D45DD1C26F1CC0068E4F9 /* Plane_fitToPoints.cpp */ = {isa = PBXFileReference; fileEncoding = 4; lastKnownFileType = sourcecode.cpp.cpp; name = Plane_fitToPoints.cpp; path = Math/ofxRay/src/Plane_fitToPoints.cpp; sourceTree = "<group>"; };
		CB8D45DE1C26F1CC0068E4F9 /* Plane.cpp */ = {isa = PBXFileReference; fileEncoding = 4; lastKnownFileType = sourcecode.cpp.cpp; name = Plane.cpp; path = Math/ofxRay/src/Plane.cpp; sourceTree = "<group>"; };
		CB8D45DF1C26F1CC0068E4F9 /* Plane.h */ = {isa = PBXFileReference; fileEncoding = 4; lastKnownFileType = sourcecode.c.h; name = Plane.h; path = Math/ofxRay/src/Plane.h; sourceTree = "<group>"; };
		CB8D45E01C26F1CC0068E4F9 /* Projector.cpp */ = {isa = PBXFileReference; fileEncoding = 4; lastKnownFileType = sourcecode.cpp.cpp; name = Projector.cpp; path = Math/ofxRay/src/Projector.cpp; sourceTree = "<group>"; };
		CB8D45E11C26F1CC0068E4F9 /* Projector.h */ = {isa = PBXFileReference; fileEncoding = 4; lastKnownFileType = sourcecode.c.h; name = Projector.h; path = Math/ofxRay/src/Projector.h; sourceTree = "<group>"; };
		CB8D45E21C26F1CC0068E4F9 /* Ray.cpp */ = {isa = PBXFileReference; fileEncoding = 4; lastKnownFileType = sourcecode.cpp.cpp; name = Ray.cpp; path = Math/ofxRay/src/Ray.cpp; sourceTree = "<group>"; };
		CB8D45E31C26F1CC0068E4F9 /* Ray.h */ = {isa = PBXFileReference; fileEncoding = 4; lastKnownFileType = sourcecode.c.h; name = Ray.h; path = Math/ofxRay/src/Ray.h; sourceTree = "<group>"; };
		CBC931951C26C793005DD6F7 /* GetPosition.cxx */ = {isa = PBXFileReference; fileEncoding = 4; lastKnownFileType = sourcecode.cpp.cpp; name = GetPosition.cxx; path = ../../../addons/ofxFBX/src/GetPosition.cxx; sourceTree = "<group>"; };
		CBC931961C26C793005DD6F7 /* GetPosition.h */ = {isa = PBXFileReference; fileEncoding = 4; lastKnownFileType = sourcecode.c.h; name = GetPosition.h; path = ../../../addons/ofxFBX/src/GetPosition.h; sourceTree = "<group>"; };
		CBC931971C26C793005DD6F7 /* ofxFBX.h */ = {isa = PBXFileReference; fileEncoding = 4; lastKnownFileType = sourcecode.c.h; name = ofxFBX.h; path = ../../../addons/ofxFBX/src/ofxFBX.h; sourceTree = "<group>"; };
		CBC931981C26C793005DD6F7 /* ofxFBXAnimation.cpp */ = {isa = PBXFileReference; fileEncoding = 4; lastKnownFileType = sourcecode.cpp.cpp; name = ofxFBXAnimation.cpp; path = ../../../addons/ofxFBX/src/ofxFBXAnimation.cpp; sourceTree = "<group>"; };
		CBC931991C26C793005DD6F7 /* ofxFBXAnimation.h */ = {isa = PBXFileReference; fileEncoding = 4; lastKnownFileType = sourcecode.c.h; name = ofxFBXAnimation.h; path = ../../../addons/ofxFBX/src/ofxFBXAnimation.h; sourceTree = "<group>"; };
		CBC9319A1C26C793005DD6F7 /* ofxFBXBone.cpp */ = {isa = PBXFileReference; fileEncoding = 4; lastKnownFileType = sourcecode.cpp.cpp; name = ofxFBXBone.cpp; path = ../../../addons/ofxFBX/src/ofxFBXBone.cpp; sourceTree = "<group>"; };
		CBC9319B1C26C793005DD6F7 /* ofxFBXBone.h */ = {isa = PBXFileReference; fileEncoding = 4; lastKnownFileType = sourcecode.c.h; name = ofxFBXBone.h; path = ../../../addons/ofxFBX/src/ofxFBXBone.h; sourceTree = "<group>"; };
		CBC9319C1C26C793005DD6F7 /* ofxFBXCluster.cpp */ = {isa = PBXFileReference; fileEncoding = 4; lastKnownFileType = sourcecode.cpp.cpp; name = ofxFBXCluster.cpp; path = ../../../addons/ofxFBX/src/ofxFBXCluster.cpp; sourceTree = "<group>"; };
		CBC9319D1C26C793005DD6F7 /* ofxFBXCluster.h */ = {isa = PBXFileReference; fileEncoding = 4; lastKnownFileType = sourcecode.c.h; name = ofxFBXCluster.h; path = ../../../addons/ofxFBX/src/ofxFBXCluster.h; sourceTree = "<group>"; };
		CBC9319E1C26C793005DD6F7 /* ofxFBXManager.cpp */ = {isa = PBXFileReference; fileEncoding = 4; lastKnownFileType = sourcecode.cpp.cpp; name = ofxFBXManager.cpp; path = ../../../addons/ofxFBX/src/ofxFBXManager.cpp; sourceTree = "<group>"; };
		CBC9319F1C26C793005DD6F7 /* ofxFBXManager.h */ = {isa = PBXFileReference; fileEncoding = 4; lastKnownFileType = sourcecode.c.h; name = ofxFBXManager.h; path = ../../../addons/ofxFBX/src/ofxFBXManager.h; sourceTree = "<group>"; };
		CBC931A01C26C793005DD6F7 /* ofxFBXMesh.cpp */ = {isa = PBXFileReference; fileEncoding = 4; lastKnownFileType = sourcecode.cpp.cpp; name = ofxFBXMesh.cpp; path = ../../../addons/ofxFBX/src/ofxFBXMesh.cpp; sourceTree = "<group>"; };
		CBC931A11C26C793005DD6F7 /* ofxFBXMesh.h */ = {isa = PBXFileReference; fileEncoding = 4; lastKnownFileType = sourcecode.c.h; name = ofxFBXMesh.h; path = ../../../addons/ofxFBX/src/ofxFBXMesh.h; sourceTree = "<group>"; };
		CBC931A21C26C793005DD6F7 /* ofxFBXMeshMaterial.cpp */ = {isa = PBXFileReference; fileEncoding = 4; lastKnownFileType = sourcecode.cpp.cpp; name = ofxFBXMeshMaterial.cpp; path = ../../../addons/ofxFBX/src/ofxFBXMeshMaterial.cpp; sourceTree = "<group>"; };
		CBC931A31C26C793005DD6F7 /* ofxFBXMeshMaterial.h */ = {isa = PBXFileReference; fileEncoding = 4; lastKnownFileType = sourcecode.c.h; name = ofxFBXMeshMaterial.h; path = ../../../addons/ofxFBX/src/ofxFBXMeshMaterial.h; sourceTree = "<group>"; };
		CBC931A41C26C793005DD6F7 /* ofxFBXNode.cpp */ = {isa = PBXFileReference; fileEncoding = 4; lastKnownFileType = sourcecode.cpp.cpp; name = ofxFBXNode.cpp; path = ../../../addons/ofxFBX/src/ofxFBXNode.cpp; sourceTree = "<group>"; };
		CBC931A51C26C793005DD6F7 /* ofxFBXNode.h */ = {isa = PBXFileReference; fileEncoding = 4; lastKnownFileType = sourcecode.c.h; name = ofxFBXNode.h; path = ../../../addons/ofxFBX/src/ofxFBXNode.h; sourceTree = "<group>"; };
		CBC931A61C26C793005DD6F7 /* ofxFBXPose.cpp */ = {isa = PBXFileReference; fileEncoding = 4; lastKnownFileType = sourcecode.cpp.cpp; name = ofxFBXPose.cpp; path = ../../../addons/ofxFBX/src/ofxFBXPose.cpp; sourceTree = "<group>"; };
		CBC931A71C26C793005DD6F7 /* ofxFBXPose.h */ = {isa = PBXFileReference; fileEncoding = 4; lastKnownFileType = sourcecode.c.h; name = ofxFBXPose.h; path = ../../../addons/ofxFBX/src/ofxFBXPose.h; sourceTree = "<group>"; };
		CBC931A81C26C793005DD6F7 /* ofxFBXScene.cpp */ = {isa = PBXFileReference; fileEncoding = 4; lastKnownFileType = sourcecode.cpp.cpp; name = ofxFBXScene.cpp; path = ../../../addons/ofxFBX/src/ofxFBXScene.cpp; sourceTree = "<group>"; };
		CBC931A91C26C793005DD6F7 /* ofxFBXScene.h */ = {isa = PBXFileReference; fileEncoding = 4; lastKnownFileType = sourcecode.c.h; name = ofxFBXScene.h; path = ../../../addons/ofxFBX/src/ofxFBXScene.h; sourceTree = "<group>"; };
		CBC931AA1C26C793005DD6F7 /* ofxFBXSkeleton.cpp */ = {isa = PBXFileReference; fileEncoding = 4; lastKnownFileType = sourcecode.cpp.cpp; name = ofxFBXSkeleton.cpp; path = ../../../addons/ofxFBX/src/ofxFBXSkeleton.cpp; sourceTree = "<group>"; };
		CBC931AB1C26C793005DD6F7 /* ofxFBXSkeleton.h */ = {isa = PBXFileReference; fileEncoding = 4; lastKnownFileType = sourcecode.c.h; name = ofxFBXSkeleton.h; path = ../../../addons/ofxFBX/src/ofxFBXSkeleton.h; sourceTree = "<group>"; };
		CBC931AC1C26C793005DD6F7 /* ofxFBXUtils.h */ = {isa = PBXFileReference; fileEncoding = 4; lastKnownFileType = sourcecode.c.h; name = ofxFBXUtils.h; path = ../../../addons/ofxFBX/src/ofxFBXUtils.h; sourceTree = "<group>"; };
		CBEE3A151B139F1D0099A126 /* ofApp.cpp */ = {isa = PBXFileReference; fileEncoding = 4; lastKnownFileType = sourcecode.cpp.cpp; path = ofApp.cpp; sourceTree = "<group>"; };
		CBEE3A161B139F1D0099A126 /* ofApp.h */ = {isa = PBXFileReference; fileEncoding = 4; lastKnownFileType = sourcecode.c.h; path = ofApp.h; sourceTree = "<group>"; };
		E4328143138ABC890047C5CB /* openFrameworksLib.xcodeproj */ = {isa = PBXFileReference; lastKnownFileType = "wrapper.pb-project"; name = openFrameworksLib.xcodeproj; path = ../../../libs/openFrameworksCompiled/project/osx/openFrameworksLib.xcodeproj; sourceTree = SOURCE_ROOT; };
		E45BE9710E8CC7DD009D7055 /* AGL.framework */ = {isa = PBXFileReference; lastKnownFileType = wrapper.framework; name = AGL.framework; path = /System/Library/Frameworks/AGL.framework; sourceTree = "<absolute>"; };
		E45BE9720E8CC7DD009D7055 /* ApplicationServices.framework */ = {isa = PBXFileReference; lastKnownFileType = wrapper.framework; name = ApplicationServices.framework; path = /System/Library/Frameworks/ApplicationServices.framework; sourceTree = "<absolute>"; };
		E45BE9730E8CC7DD009D7055 /* AudioToolbox.framework */ = {isa = PBXFileReference; lastKnownFileType = wrapper.framework; name = AudioToolbox.framework; path = /System/Library/Frameworks/AudioToolbox.framework; sourceTree = "<absolute>"; };
		E45BE9740E8CC7DD009D7055 /* Carbon.framework */ = {isa = PBXFileReference; lastKnownFileType = wrapper.framework; name = Carbon.framework; path = /System/Library/Frameworks/Carbon.framework; sourceTree = "<absolute>"; };
		E45BE9750E8CC7DD009D7055 /* CoreAudio.framework */ = {isa = PBXFileReference; lastKnownFileType = wrapper.framework; name = CoreAudio.framework; path = /System/Library/Frameworks/CoreAudio.framework; sourceTree = "<absolute>"; };
		E45BE9760E8CC7DD009D7055 /* CoreFoundation.framework */ = {isa = PBXFileReference; lastKnownFileType = wrapper.framework; name = CoreFoundation.framework; path = /System/Library/Frameworks/CoreFoundation.framework; sourceTree = "<absolute>"; };
		E45BE9770E8CC7DD009D7055 /* CoreServices.framework */ = {isa = PBXFileReference; lastKnownFileType = wrapper.framework; name = CoreServices.framework; path = /System/Library/Frameworks/CoreServices.framework; sourceTree = "<absolute>"; };
		E45BE9790E8CC7DD009D7055 /* OpenGL.framework */ = {isa = PBXFileReference; lastKnownFileType = wrapper.framework; name = OpenGL.framework; path = /System/Library/Frameworks/OpenGL.framework; sourceTree = "<absolute>"; };
		E45BE97A0E8CC7DD009D7055 /* QuickTime.framework */ = {isa = PBXFileReference; lastKnownFileType = wrapper.framework; name = QuickTime.framework; path = /System/Library/Frameworks/QuickTime.framework; sourceTree = "<absolute>"; };
		E4B69B5B0A3A1756003C02F2 /* DancerLooksAtDebug.app */ = {isa = PBXFileReference; explicitFileType = wrapper.application; includeInIndex = 0; path = DancerLooksAtDebug.app; sourceTree = BUILT_PRODUCTS_DIR; };
		E4B69E1D0A3A1BDC003C02F2 /* main.cpp */ = {isa = PBXFileReference; fileEncoding = 30; lastKnownFileType = sourcecode.cpp.cpp; name = main.cpp; path = src/main.cpp; sourceTree = SOURCE_ROOT; };
		E4B6FCAD0C3E899E008CF71C /* openFrameworks-Info.plist */ = {isa = PBXFileReference; fileEncoding = 30; lastKnownFileType = text.plist.xml; path = "openFrameworks-Info.plist"; sourceTree = "<group>"; };
		E4C2424410CC5A17004149E2 /* AppKit.framework */ = {isa = PBXFileReference; lastKnownFileType = wrapper.framework; name = AppKit.framework; path = /System/Library/Frameworks/AppKit.framework; sourceTree = "<absolute>"; };
		E4C2424510CC5A17004149E2 /* Cocoa.framework */ = {isa = PBXFileReference; lastKnownFileType = wrapper.framework; name = Cocoa.framework; path = /System/Library/Frameworks/Cocoa.framework; sourceTree = "<absolute>"; };
		E4C2424610CC5A17004149E2 /* IOKit.framework */ = {isa = PBXFileReference; lastKnownFileType = wrapper.framework; name = IOKit.framework; path = /System/Library/Frameworks/IOKit.framework; sourceTree = "<absolute>"; };
		E4EB691F138AFCF100A09F29 /* CoreOF.xcconfig */ = {isa = PBXFileReference; fileEncoding = 4; lastKnownFileType = text.xcconfig; name = CoreOF.xcconfig; path = ../../../libs/openFrameworksCompiled/project/osx/CoreOF.xcconfig; sourceTree = SOURCE_ROOT; };
		E4EB6923138AFD0F00A09F29 /* Project.xcconfig */ = {isa = PBXFileReference; fileEncoding = 4; lastKnownFileType = text.xcconfig; path = Project.xcconfig; sourceTree = "<group>"; };
		E7E077E415D3B63C0020DFD4 /* CoreVideo.framework */ = {isa = PBXFileReference; lastKnownFileType = wrapper.framework; name = CoreVideo.framework; path = /System/Library/Frameworks/CoreVideo.framework; sourceTree = "<absolute>"; };
		E7E077E715D3B6510020DFD4 /* QTKit.framework */ = {isa = PBXFileReference; lastKnownFileType = wrapper.framework; name = QTKit.framework; path = /System/Library/Frameworks/QTKit.framework; sourceTree = "<absolute>"; };
		E7F985F515E0DE99003869B5 /* Accelerate.framework */ = {isa = PBXFileReference; lastKnownFileType = wrapper.framework; name = Accelerate.framework; path = /System/Library/Frameworks/Accelerate.framework; sourceTree = "<absolute>"; };
/* End PBXFileReference section */

/* Begin PBXFrameworksBuildPhase section */
		E4B69B590A3A1756003C02F2 /* Frameworks */ = {
			isa = PBXFrameworksBuildPhase;
			buildActionMask = 2147483647;
			files = (
				CB7ED3841B148F8500E8A806 /* libiconv.dylib in Frameworks */,
				E7F985F815E0DEA3003869B5 /* Accelerate.framework in Frameworks */,
				E7E077E815D3B6510020DFD4 /* QTKit.framework in Frameworks */,
				E4EB6799138ADC1D00A09F29 /* GLUT.framework in Frameworks */,
				E4328149138ABC9F0047C5CB /* openFrameworksDebug.a in Frameworks */,
				E45BE97B0E8CC7DD009D7055 /* AGL.framework in Frameworks */,
				E45BE97C0E8CC7DD009D7055 /* ApplicationServices.framework in Frameworks */,
				E45BE97D0E8CC7DD009D7055 /* AudioToolbox.framework in Frameworks */,
				E45BE97E0E8CC7DD009D7055 /* Carbon.framework in Frameworks */,
				E45BE97F0E8CC7DD009D7055 /* CoreAudio.framework in Frameworks */,
				E45BE9800E8CC7DD009D7055 /* CoreFoundation.framework in Frameworks */,
				E45BE9810E8CC7DD009D7055 /* CoreServices.framework in Frameworks */,
				E45BE9830E8CC7DD009D7055 /* OpenGL.framework in Frameworks */,
				E45BE9840E8CC7DD009D7055 /* QuickTime.framework in Frameworks */,
				E4C2424710CC5A17004149E2 /* AppKit.framework in Frameworks */,
				E4C2424810CC5A17004149E2 /* Cocoa.framework in Frameworks */,
				E4C2424910CC5A17004149E2 /* IOKit.framework in Frameworks */,
				E7E077E515D3B63C0020DFD4 /* CoreVideo.framework in Frameworks */,
			);
			runOnlyForDeploymentPostprocessing = 0;
		};
/* End PBXFrameworksBuildPhase section */

/* Begin PBXGroup section */
		2E8071E51820086300A003A0 /* ofxFBX */ = {
			isa = PBXGroup;
			children = (
				2E9F35031AB0A3A600107F09 /* src */,
			);
			name = ofxFBX;
			path = ..;
			sourceTree = "<group>";
		};
		2E9F35031AB0A3A600107F09 /* src */ = {
			isa = PBXGroup;
			children = (
				CBC931951C26C793005DD6F7 /* GetPosition.cxx */,
				CBC931961C26C793005DD6F7 /* GetPosition.h */,
				CBC931971C26C793005DD6F7 /* ofxFBX.h */,
				CBC931981C26C793005DD6F7 /* ofxFBXAnimation.cpp */,
				CBC931991C26C793005DD6F7 /* ofxFBXAnimation.h */,
				CBC9319A1C26C793005DD6F7 /* ofxFBXBone.cpp */,
				CBC9319B1C26C793005DD6F7 /* ofxFBXBone.h */,
				CBC9319C1C26C793005DD6F7 /* ofxFBXCluster.cpp */,
				CBC9319D1C26C793005DD6F7 /* ofxFBXCluster.h */,
				CBC9319E1C26C793005DD6F7 /* ofxFBXManager.cpp */,
				CBC9319F1C26C793005DD6F7 /* ofxFBXManager.h */,
				CBC931A01C26C793005DD6F7 /* ofxFBXMesh.cpp */,
				CBC931A11C26C793005DD6F7 /* ofxFBXMesh.h */,
				CBC931A21C26C793005DD6F7 /* ofxFBXMeshMaterial.cpp */,
				CBC931A31C26C793005DD6F7 /* ofxFBXMeshMaterial.h */,
				CBC931A41C26C793005DD6F7 /* ofxFBXNode.cpp */,
				CBC931A51C26C793005DD6F7 /* ofxFBXNode.h */,
				CBC931A61C26C793005DD6F7 /* ofxFBXPose.cpp */,
				CBC931A71C26C793005DD6F7 /* ofxFBXPose.h */,
				CBC931A81C26C793005DD6F7 /* ofxFBXScene.cpp */,
				CBC931A91C26C793005DD6F7 /* ofxFBXScene.h */,
				CBC931AA1C26C793005DD6F7 /* ofxFBXSkeleton.cpp */,
				CBC931AB1C26C793005DD6F7 /* ofxFBXSkeleton.h */,
				CBC931AC1C26C793005DD6F7 /* ofxFBXUtils.h */,
			);
			path = src;
			sourceTree = "<group>";
		};
		BB4B014C10F69532006C3DED /* addons */ = {
			isa = PBXGroup;
			children = (
				CB302F7C1C5E06350032AFBF /* ofxGui */,
				2E8071E51820086300A003A0 /* ofxFBX */,
			);
			name = addons;
			sourceTree = "<group>";
		};
		BBAB23C913894ECA00AA2426 /* system frameworks */ = {
			isa = PBXGroup;
			children = (
				CB7ED3831B148F8500E8A806 /* libiconv.dylib */,
				E7F985F515E0DE99003869B5 /* Accelerate.framework */,
				E4C2424410CC5A17004149E2 /* AppKit.framework */,
				E4C2424510CC5A17004149E2 /* Cocoa.framework */,
				E4C2424610CC5A17004149E2 /* IOKit.framework */,
				E45BE9710E8CC7DD009D7055 /* AGL.framework */,
				E45BE9720E8CC7DD009D7055 /* ApplicationServices.framework */,
				E45BE9730E8CC7DD009D7055 /* AudioToolbox.framework */,
				E45BE9740E8CC7DD009D7055 /* Carbon.framework */,
				E45BE9750E8CC7DD009D7055 /* CoreAudio.framework */,
				E45BE9760E8CC7DD009D7055 /* CoreFoundation.framework */,
				E45BE9770E8CC7DD009D7055 /* CoreServices.framework */,
				E45BE9790E8CC7DD009D7055 /* OpenGL.framework */,
				E45BE97A0E8CC7DD009D7055 /* QuickTime.framework */,
				E7E077E415D3B63C0020DFD4 /* CoreVideo.framework */,
				E7E077E715D3B6510020DFD4 /* QTKit.framework */,
			);
			name = "system frameworks";
			sourceTree = "<group>";
		};
		BBAB23CA13894EDB00AA2426 /* 3rd party frameworks */ = {
			isa = PBXGroup;
			children = (
				BBAB23BE13894E4700AA2426 /* GLUT.framework */,
			);
			name = "3rd party frameworks";
			sourceTree = "<group>";
		};
		CB302F7C1C5E06350032AFBF /* ofxGui */ = {
			isa = PBXGroup;
			children = (
				CB302F7D1C5E063B0032AFBF /* src */,
			);
			name = ofxGui;
			sourceTree = "<group>";
		};
		CB302F7D1C5E063B0032AFBF /* src */ = {
			isa = PBXGroup;
			children = (
				CB302F7E1C5E064F0032AFBF /* ofxBaseGui.cpp */,
				CB302F7F1C5E064F0032AFBF /* ofxBaseGui.h */,
				CB302F801C5E064F0032AFBF /* ofxButton.cpp */,
				CB302F811C5E064F0032AFBF /* ofxButton.h */,
				CB302F821C5E064F0032AFBF /* ofxGui.h */,
				CB302F831C5E064F0032AFBF /* ofxGuiGroup.cpp */,
				CB302F841C5E064F0032AFBF /* ofxGuiGroup.h */,
				CB302F851C5E064F0032AFBF /* ofxLabel.cpp */,
				CB302F861C5E064F0032AFBF /* ofxLabel.h */,
				CB302F871C5E064F0032AFBF /* ofxPanel.cpp */,
				CB302F881C5E064F0032AFBF /* ofxPanel.h */,
				CB302F891C5E064F0032AFBF /* ofxSlider.cpp */,
				CB302F8A1C5E064F0032AFBF /* ofxSlider.h */,
				CB302F8B1C5E064F0032AFBF /* ofxSliderGroup.cpp */,
				CB302F8C1C5E064F0032AFBF /* ofxSliderGroup.h */,
				CB302F8D1C5E064F0032AFBF /* ofxToggle.cpp */,
				CB302F8E1C5E064F0032AFBF /* ofxToggle.h */,
			);
			name = src;
			sourceTree = "<group>";
		};
		CB8D45BC1C26F1830068E4F9 /* Utils */ = {
			isa = PBXGroup;
			children = (
				CB8D45CF1C26F19B0068E4F9 /* ofxInterpolator */,
				CB8D45BE1C26F1970068E4F9 /* DrawingHelpers.h */,
				CB8D45BF1C26F1970068E4F9 /* FboPingPong.cpp */,
				CB8D45C01C26F1970068E4F9 /* FboPingPong.h */,
				CB8D45C11C26F1970068E4F9 /* FileUtils.h */,
				CB8D45C21C26F1970068E4F9 /* ofEasyCamExt.cpp */,
				CB8D45C31C26F1970068E4F9 /* ofEasyCamExt.h */,
				CB8D45C41C26F1970068E4F9 /* ofTrueTypeFontExt.h */,
				CB8D45C71C26F1970068E4F9 /* PlacementUtils.h */,
				CB8D45C81C26F1970068E4F9 /* SizeLimitedDeque.h */,
			);
			name = Utils;
			sourceTree = "<group>";
		};
		CB8D45BD1C26F1890068E4F9 /* Math */ = {
			isa = PBXGroup;
			children = (
				CB8D45D61C26F1BA0068E4F9 /* ofxRay */,
				CB8D45D41C26F1B70068E4F9 /* MathUtils.h */,
				CB8D45D51C26F1B70068E4F9 /* ofVecExt.h */,
			);
			name = Math;
			sourceTree = "<group>";
		};
		CB8D45CF1C26F19B0068E4F9 /* ofxInterpolator */ = {
			isa = PBXGroup;
			children = (
				CB8D45D01C26F1AE0068E4F9 /* EasingEquations.cpp */,
				CB8D45D11C26F1AE0068E4F9 /* EasingEquations.h */,
				CB8D45D21C26F1AE0068E4F9 /* ofxInterpolator.h */,
			);
			name = ofxInterpolator;
			sourceTree = "<group>";
		};
		CB8D45D61C26F1BA0068E4F9 /* ofxRay */ = {
			isa = PBXGroup;
			children = (
				CB8D45D71C26F1BF0068E4F9 /* src */,
			);
			name = ofxRay;
			sourceTree = "<group>";
		};
		CB8D45D71C26F1BF0068E4F9 /* src */ = {
			isa = PBXGroup;
			children = (
				CB8D45D81C26F1CC0068E4F9 /* Base.cpp */,
				CB8D45D91C26F1CC0068E4F9 /* Base.h */,
				CB8D45DA1C26F1CC0068E4F9 /* Camera.cpp */,
				CB8D45DB1C26F1CC0068E4F9 /* Camera.h */,
				CB8D45DC1C26F1CC0068E4F9 /* ofxRay.h */,
				CB8D45DD1C26F1CC0068E4F9 /* Plane_fitToPoints.cpp */,
				CB8D45DE1C26F1CC0068E4F9 /* Plane.cpp */,
				CB8D45DF1C26F1CC0068E4F9 /* Plane.h */,
				CB8D45E01C26F1CC0068E4F9 /* Projector.cpp */,
				CB8D45E11C26F1CC0068E4F9 /* Projector.h */,
				CB8D45E21C26F1CC0068E4F9 /* Ray.cpp */,
				CB8D45E31C26F1CC0068E4F9 /* Ray.h */,
			);
			name = src;
			sourceTree = "<group>";
		};
		E4328144138ABC890047C5CB /* Products */ = {
			isa = PBXGroup;
			children = (
				E4328148138ABC890047C5CB /* openFrameworksDebug.a */,
			);
			name = Products;
			sourceTree = "<group>";
		};
		E45BE5980E8CC70C009D7055 /* frameworks */ = {
			isa = PBXGroup;
			children = (
				BBAB23CA13894EDB00AA2426 /* 3rd party frameworks */,
				BBAB23C913894ECA00AA2426 /* system frameworks */,
			);
			name = frameworks;
			sourceTree = "<group>";
		};
		E4B69B4A0A3A1720003C02F2 = {
			isa = PBXGroup;
			children = (
				E4B6FCAD0C3E899E008CF71C /* openFrameworks-Info.plist */,
				E4EB6923138AFD0F00A09F29 /* Project.xcconfig */,
				E4B69E1C0A3A1BDC003C02F2 /* src */,
				BB4B014C10F69532006C3DED /* addons */,
				E4EEC9E9138DF44700A80321 /* openFrameworks */,
				E45BE5980E8CC70C009D7055 /* frameworks */,
				E4B69B5B0A3A1756003C02F2 /* DancerLooksAtDebug.app */,
			);
			sourceTree = "<group>";
		};
		E4B69E1C0A3A1BDC003C02F2 /* src */ = {
			isa = PBXGroup;
			children = (
				CB8D45BD1C26F1890068E4F9 /* Math */,
				CB8D45BC1C26F1830068E4F9 /* Utils */,
				E4B69E1D0A3A1BDC003C02F2 /* main.cpp */,
				CBEE3A151B139F1D0099A126 /* ofApp.cpp */,
				CBEE3A161B139F1D0099A126 /* ofApp.h */,
			);
			path = src;
			sourceTree = SOURCE_ROOT;
		};
		E4EEC9E9138DF44700A80321 /* openFrameworks */ = {
			isa = PBXGroup;
			children = (
				E4EB691F138AFCF100A09F29 /* CoreOF.xcconfig */,
				E4328143138ABC890047C5CB /* openFrameworksLib.xcodeproj */,
			);
			name = openFrameworks;
			sourceTree = "<group>";
		};
/* End PBXGroup section */

/* Begin PBXNativeTarget section */
		E4B69B5A0A3A1756003C02F2 /* DancerLooksAt */ = {
			isa = PBXNativeTarget;
			buildConfigurationList = E4B69B5F0A3A1757003C02F2 /* Build configuration list for PBXNativeTarget "DancerLooksAt" */;
			buildPhases = (
				E4B69B580A3A1756003C02F2 /* Sources */,
				E4B69B590A3A1756003C02F2 /* Frameworks */,
				E4B6FFFD0C3F9AB9008CF71C /* ShellScript */,
				E4C2427710CC5ABF004149E2 /* CopyFiles */,
			);
			buildRules = (
			);
			dependencies = (
				E4EEB9AC138B136A00A80321 /* PBXTargetDependency */,
			);
			name = DancerLooksAt;
			productName = myOFApp;
			productReference = E4B69B5B0A3A1756003C02F2 /* DancerLooksAtDebug.app */;
			productType = "com.apple.product-type.application";
		};
/* End PBXNativeTarget section */

/* Begin PBXProject section */
		E4B69B4C0A3A1720003C02F2 /* Project object */ = {
			isa = PBXProject;
			attributes = {
				LastUpgradeCheck = 0460;
			};
			buildConfigurationList = E4B69B4D0A3A1720003C02F2 /* Build configuration list for PBXProject "DancerLooksAt" */;
			compatibilityVersion = "Xcode 3.2";
			developmentRegion = English;
			hasScannedForEncodings = 0;
			knownRegions = (
				English,
				Japanese,
				French,
				German,
			);
			mainGroup = E4B69B4A0A3A1720003C02F2;
			productRefGroup = E4B69B4A0A3A1720003C02F2;
			projectDirPath = "";
			projectReferences = (
				{
					ProductGroup = E4328144138ABC890047C5CB /* Products */;
					ProjectRef = E4328143138ABC890047C5CB /* openFrameworksLib.xcodeproj */;
				},
			);
			projectRoot = "";
			targets = (
				E4B69B5A0A3A1756003C02F2 /* DancerLooksAt */,
			);
		};
/* End PBXProject section */

/* Begin PBXReferenceProxy section */
		E4328148138ABC890047C5CB /* openFrameworksDebug.a */ = {
			isa = PBXReferenceProxy;
			fileType = archive.ar;
			path = openFrameworksDebug.a;
			remoteRef = E4328147138ABC890047C5CB /* PBXContainerItemProxy */;
			sourceTree = BUILT_PRODUCTS_DIR;
		};
/* End PBXReferenceProxy section */

/* Begin PBXShellScriptBuildPhase section */
		E4B6FFFD0C3F9AB9008CF71C /* ShellScript */ = {
			isa = PBXShellScriptBuildPhase;
			buildActionMask = 2147483647;
			files = (
			);
			inputPaths = (
			);
			outputPaths = (
			);
			runOnlyForDeploymentPostprocessing = 0;
			shellPath = /bin/sh;
			shellScript = "cp -f ../../../libs/fmodex/lib/osx/libfmodex.dylib \"$TARGET_BUILD_DIR/$PRODUCT_NAME.app/Contents/MacOS/libfmodex.dylib\"; install_name_tool -change ./libfmodex.dylib @executable_path/libfmodex.dylib \"$TARGET_BUILD_DIR/$PRODUCT_NAME.app/Contents/MacOS/$PRODUCT_NAME\";\nmkdir -p \"$TARGET_BUILD_DIR/$PRODUCT_NAME.app/Contents/Resources/\"\ncp -f \"$ICON_FILE\" \"$TARGET_BUILD_DIR/$PRODUCT_NAME.app/Contents/Resources/\"\n";
		};
/* End PBXShellScriptBuildPhase section */

/* Begin PBXSourcesBuildPhase section */
		E4B69B580A3A1756003C02F2 /* Sources */ = {
			isa = PBXSourcesBuildPhase;
			buildActionMask = 2147483647;
			files = (
				CB8D45D31C26F1AE0068E4F9 /* EasingEquations.cpp in Sources */,
				CBC931B41C26C793005DD6F7 /* ofxFBXNode.cpp in Sources */,
				CBEE3A171B139F1D0099A126 /* ofApp.cpp in Sources */,
				CB8D45E71C26F1CC0068E4F9 /* Plane.cpp in Sources */,
				CB8D45CC1C26F1970068E4F9 /* ofEasyCamExt.cpp in Sources */,
				CBC931B21C26C793005DD6F7 /* ofxFBXMesh.cpp in Sources */,
				CB8D45E61C26F1CC0068E4F9 /* Plane_fitToPoints.cpp in Sources */,
				CB302F901C5E064F0032AFBF /* ofxButton.cpp in Sources */,
				CB8D45CB1C26F1970068E4F9 /* FboPingPong.cpp in Sources */,
				CBC931B01C26C793005DD6F7 /* ofxFBXCluster.cpp in Sources */,
				CBC931AE1C26C793005DD6F7 /* ofxFBXAnimation.cpp in Sources */,
				CBC931AF1C26C793005DD6F7 /* ofxFBXBone.cpp in Sources */,
				CB8D45E91C26F1CC0068E4F9 /* Ray.cpp in Sources */,
				E4B69E200A3A1BDC003C02F2 /* main.cpp in Sources */,
				CB302F951C5E064F0032AFBF /* ofxSliderGroup.cpp in Sources */,
				CB302F921C5E064F0032AFBF /* ofxLabel.cpp in Sources */,
				CB8D45E81C26F1CC0068E4F9 /* Projector.cpp in Sources */,
				CB302F961C5E064F0032AFBF /* ofxToggle.cpp in Sources */,
				CB8D45E41C26F1CC0068E4F9 /* Base.cpp in Sources */,
				CB8D45E51C26F1CC0068E4F9 /* Camera.cpp in Sources */,
				CBC931B61C26C793005DD6F7 /* ofxFBXScene.cpp in Sources */,
				CBC931B11C26C793005DD6F7 /* ofxFBXManager.cpp in Sources */,
				CBC931B71C26C793005DD6F7 /* ofxFBXSkeleton.cpp in Sources */,
				CBC931AD1C26C793005DD6F7 /* GetPosition.cxx in Sources */,
				CB302F941C5E064F0032AFBF /* ofxSlider.cpp in Sources */,
				CB302F8F1C5E064F0032AFBF /* ofxBaseGui.cpp in Sources */,
				CBC931B31C26C793005DD6F7 /* ofxFBXMeshMaterial.cpp in Sources */,
				CBC931B51C26C793005DD6F7 /* ofxFBXPose.cpp in Sources */,
				CB302F911C5E064F0032AFBF /* ofxGuiGroup.cpp in Sources */,
				CB302F931C5E064F0032AFBF /* ofxPanel.cpp in Sources */,
			);
			runOnlyForDeploymentPostprocessing = 0;
		};
/* End PBXSourcesBuildPhase section */

/* Begin PBXTargetDependency section */
		E4EEB9AC138B136A00A80321 /* PBXTargetDependency */ = {
			isa = PBXTargetDependency;
			name = openFrameworks;
			targetProxy = E4EEB9AB138B136A00A80321 /* PBXContainerItemProxy */;
		};
/* End PBXTargetDependency section */

/* Begin XCBuildConfiguration section */
		E4B69B4E0A3A1720003C02F2 /* Debug */ = {
			isa = XCBuildConfiguration;
			baseConfigurationReference = E4EB6923138AFD0F00A09F29 /* Project.xcconfig */;
			buildSettings = {
				CONFIGURATION_BUILD_DIR = "$(SRCROOT)/bin/";
				COPY_PHASE_STRIP = NO;
				DEAD_CODE_STRIPPING = YES;
				GCC_AUTO_VECTORIZATION = YES;
				GCC_ENABLE_SSE3_EXTENSIONS = YES;
				GCC_ENABLE_SUPPLEMENTAL_SSE3_INSTRUCTIONS = YES;
				GCC_INLINES_ARE_PRIVATE_EXTERN = NO;
				GCC_OPTIMIZATION_LEVEL = 0;
				GCC_SYMBOLS_PRIVATE_EXTERN = NO;
				GCC_WARN_ABOUT_DEPRECATED_FUNCTIONS = YES;
				GCC_WARN_ABOUT_INVALID_OFFSETOF_MACRO = NO;
				GCC_WARN_ALLOW_INCOMPLETE_PROTOCOL = NO;
				GCC_WARN_UNINITIALIZED_AUTOS = NO;
				GCC_WARN_UNUSED_VALUE = NO;
				GCC_WARN_UNUSED_VARIABLE = NO;
				MACOSX_DEPLOYMENT_TARGET = 10.8;
				OTHER_CPLUSPLUSFLAGS = (
					"-D__MACOSX_CORE__",
					"-lpthread",
					"-mtune=native",
				);
			};
			name = Debug;
		};
		E4B69B4F0A3A1720003C02F2 /* Release */ = {
			isa = XCBuildConfiguration;
			baseConfigurationReference = E4EB6923138AFD0F00A09F29 /* Project.xcconfig */;
			buildSettings = {
				CONFIGURATION_BUILD_DIR = "$(SRCROOT)/bin/";
				COPY_PHASE_STRIP = YES;
				DEAD_CODE_STRIPPING = YES;
				GCC_AUTO_VECTORIZATION = YES;
				GCC_ENABLE_SSE3_EXTENSIONS = YES;
				GCC_ENABLE_SUPPLEMENTAL_SSE3_INSTRUCTIONS = YES;
				GCC_INLINES_ARE_PRIVATE_EXTERN = NO;
				GCC_OPTIMIZATION_LEVEL = 3;
				GCC_SYMBOLS_PRIVATE_EXTERN = NO;
				GCC_UNROLL_LOOPS = YES;
				GCC_WARN_ABOUT_DEPRECATED_FUNCTIONS = YES;
				GCC_WARN_ABOUT_INVALID_OFFSETOF_MACRO = NO;
				GCC_WARN_ALLOW_INCOMPLETE_PROTOCOL = NO;
				GCC_WARN_UNINITIALIZED_AUTOS = NO;
				GCC_WARN_UNUSED_VALUE = NO;
				GCC_WARN_UNUSED_VARIABLE = NO;
				MACOSX_DEPLOYMENT_TARGET = 10.8;
				OTHER_CPLUSPLUSFLAGS = (
					"-D__MACOSX_CORE__",
					"-lpthread",
					"-mtune=native",
				);
			};
			name = Release;
		};
		E4B69B600A3A1757003C02F2 /* Debug */ = {
			isa = XCBuildConfiguration;
			buildSettings = {
				COMBINE_HIDPI_IMAGES = YES;
				COPY_PHASE_STRIP = NO;
				FRAMEWORK_SEARCH_PATHS_QUOTED_FOR_TARGET_1 = "\"$(SRCROOT)/../../../libs/glut/lib/osx\"";
				GCC_DYNAMIC_NO_PIC = NO;
				GCC_GENERATE_DEBUGGING_SYMBOLS = YES;
				GCC_MODEL_TUNING = NONE;
				ICON = "$(ICON_NAME_DEBUG)";
				ICON_FILE = "$(ICON_FILE_PATH)$(ICON)";
				INFOPLIST_FILE = "openFrameworks-Info.plist";
				INSTALL_PATH = "$(HOME)/Applications";
				LIBRARY_SEARCH_PATHS = "$(inherited)";
				PRODUCT_NAME = DancerLooksAtDebug;
				WRAPPER_EXTENSION = app;
			};
			name = Debug;
		};
		E4B69B610A3A1757003C02F2 /* Release */ = {
			isa = XCBuildConfiguration;
			buildSettings = {
				COMBINE_HIDPI_IMAGES = YES;
				COPY_PHASE_STRIP = YES;
				FRAMEWORK_SEARCH_PATHS_QUOTED_FOR_TARGET_1 = "\"$(SRCROOT)/../../../libs/glut/lib/osx\"";
				GCC_GENERATE_DEBUGGING_SYMBOLS = YES;
				GCC_MODEL_TUNING = NONE;
				ICON = "$(ICON_NAME_RELEASE)";
				ICON_FILE = "$(ICON_FILE_PATH)$(ICON)";
				INFOPLIST_FILE = "openFrameworks-Info.plist";
				INSTALL_PATH = "$(HOME)/Applications";
				LIBRARY_SEARCH_PATHS = "$(inherited)";
				PRODUCT_NAME = DancerLooksAtDebug;
				WRAPPER_EXTENSION = app;
			};
			name = Release;
		};
/* End XCBuildConfiguration section */

/* Begin XCConfigurationList section */
		E4B69B4D0A3A1720003C02F2 /* Build configuration list for PBXProject "DancerLooksAt" */ = {
			isa = XCConfigurationList;
			buildConfigurations = (
				E4B69B4E0A3A1720003C02F2 /* Debug */,
				E4B69B4F0A3A1720003C02F2 /* Release */,
			);
			defaultConfigurationIsVisible = 0;
			defaultConfigurationName = Release;
		};
		E4B69B5F0A3A1757003C02F2 /* Build configuration list for PBXNativeTarget "DancerLooksAt" */ = {
			isa = XCConfigurationList;
			buildConfigurations = (
				E4B69B600A3A1757003C02F2 /* Debug */,
				E4B69B610A3A1757003C02F2 /* Release */,
			);
			defaultConfigurationIsVisible = 0;
			defaultConfigurationName = Release;
		};
/* End XCConfigurationList section */
	};
	rootObject = E4B69B4C0A3A1720003C02F2 /* Project object */;
}
